// !$*UTF8*$!
{
	archiveVersion = 1;
	classes = {
	};
	objectVersion = 46;
	objects = {

/* Begin PBXBuildFile section */
		1B9E875355CCCC0A46B40CBE /* Pods_Procrastinate_It.framework in Frameworks */ = {isa = PBXBuildFile; fileRef = 06FCC2899E4A4774BFE9D571 /* Pods_Procrastinate_It.framework */; };
		62D50D561E76171F002B88BA /* NewEmailUserVC.swift in Sources */ = {isa = PBXBuildFile; fileRef = 62D50D551E76171E002B88BA /* NewEmailUserVC.swift */; };
		62E842F71E5FE4F7007E40F5 /* AppDelegate.swift in Sources */ = {isa = PBXBuildFile; fileRef = 62E842F61E5FE4F7007E40F5 /* AppDelegate.swift */; };
		62E842FC1E5FE4F9007E40F5 /* Main.storyboard in Resources */ = {isa = PBXBuildFile; fileRef = 62E842FA1E5FE4F9007E40F5 /* Main.storyboard */; };
		62E842FE1E5FE4FB007E40F5 /* Assets.xcassets in Resources */ = {isa = PBXBuildFile; fileRef = 62E842FD1E5FE4FB007E40F5 /* Assets.xcassets */; };
		62E843011E5FE4FC007E40F5 /* LaunchScreen.storyboard in Resources */ = {isa = PBXBuildFile; fileRef = 62E842FF1E5FE4FC007E40F5 /* LaunchScreen.storyboard */; };
		62E8430C1E5FE5FD007E40F5 /* PITask.swift in Sources */ = {isa = PBXBuildFile; fileRef = 62E8430B1E5FE5FD007E40F5 /* PITask.swift */; };
		62E843101E612BA8007E40F5 /* GoogleService-Info.plist in Resources */ = {isa = PBXBuildFile; fileRef = 62E8430F1E612BA8007E40F5 /* GoogleService-Info.plist */; };
		62E843121E61D173007E40F5 /* SignUpInVC.swift in Sources */ = {isa = PBXBuildFile; fileRef = 62E843111E61D173007E40F5 /* SignUpInVC.swift */; };
		62E843141E61D2F4007E40F5 /* User.swift in Sources */ = {isa = PBXBuildFile; fileRef = 62E843131E61D2F4007E40F5 /* User.swift */; };
		62E843161E6282EF007E40F5 /* PICell.swift in Sources */ = {isa = PBXBuildFile; fileRef = 62E843151E6282EF007E40F5 /* PICell.swift */; };
		62E8431A1E62C672007E40F5 /* EditTaskVC.swift in Sources */ = {isa = PBXBuildFile; fileRef = 62E843191E62C672007E40F5 /* EditTaskVC.swift */; };
		62E8431C1E643F33007E40F5 /* MaterialView.swift in Sources */ = {isa = PBXBuildFile; fileRef = 62E8431B1E643F33007E40F5 /* MaterialView.swift */; };
		62E8431E1E644524007E40F5 /* ProcrastinateVC.swift in Sources */ = {isa = PBXBuildFile; fileRef = 62E8431D1E644524007E40F5 /* ProcrastinateVC.swift */; };
		62F5D6691EBE02D1002BF010 /* AuthService.swift in Sources */ = {isa = PBXBuildFile; fileRef = 62F5D6681EBE02D1002BF010 /* AuthService.swift */; };
		62F5D6711EBE1896002BF010 /* GlobalVariables.swift in Sources */ = {isa = PBXBuildFile; fileRef = 62F5D6701EBE1896002BF010 /* GlobalVariables.swift */; };
		62F5D6731EBE2501002BF010 /* AlertService.swift in Sources */ = {isa = PBXBuildFile; fileRef = 62F5D6721EBE2501002BF010 /* AlertService.swift */; };
		62F5D6751EBE53FE002BF010 /* DataService.swift in Sources */ = {isa = PBXBuildFile; fileRef = 62F5D6741EBE53FE002BF010 /* DataService.swift */; };
		62F5D68D1EC1D59E002BF010 /* SettingsVC.swift in Sources */ = {isa = PBXBuildFile; fileRef = 62F5D68C1EC1D59E002BF010 /* SettingsVC.swift */; };
		62F5D68F1EC1D5B6002BF010 /* SettingsTableVC.swift in Sources */ = {isa = PBXBuildFile; fileRef = 62F5D68E1EC1D5B6002BF010 /* SettingsTableVC.swift */; };
/* End PBXBuildFile section */

/* Begin PBXFileReference section */
		06FCC2899E4A4774BFE9D571 /* Pods_Procrastinate_It.framework */ = {isa = PBXFileReference; explicitFileType = wrapper.framework; includeInIndex = 0; path = Pods_Procrastinate_It.framework; sourceTree = BUILT_PRODUCTS_DIR; };
		62D50D541E74C903002B88BA /* Procrastinate It.entitlements */ = {isa = PBXFileReference; lastKnownFileType = text.plist.entitlements; path = "Procrastinate It.entitlements"; sourceTree = "<group>"; };
		62D50D551E76171E002B88BA /* NewEmailUserVC.swift */ = {isa = PBXFileReference; fileEncoding = 4; lastKnownFileType = sourcecode.swift; path = NewEmailUserVC.swift; sourceTree = "<group>"; };
		62E842F31E5FE4F5007E40F5 /* Procrastinate It.app */ = {isa = PBXFileReference; explicitFileType = wrapper.application; includeInIndex = 0; path = "Procrastinate It.app"; sourceTree = BUILT_PRODUCTS_DIR; };
		62E842F61E5FE4F7007E40F5 /* AppDelegate.swift */ = {isa = PBXFileReference; lastKnownFileType = sourcecode.swift; path = AppDelegate.swift; sourceTree = "<group>"; };
		62E842FB1E5FE4F9007E40F5 /* Base */ = {isa = PBXFileReference; lastKnownFileType = file.storyboard; name = Base; path = Base.lproj/Main.storyboard; sourceTree = "<group>"; };
		62E842FD1E5FE4FB007E40F5 /* Assets.xcassets */ = {isa = PBXFileReference; lastKnownFileType = folder.assetcatalog; path = Assets.xcassets; sourceTree = "<group>"; };
		62E843001E5FE4FC007E40F5 /* Base */ = {isa = PBXFileReference; lastKnownFileType = file.storyboard; name = Base; path = Base.lproj/LaunchScreen.storyboard; sourceTree = "<group>"; };
		62E843021E5FE4FD007E40F5 /* Info.plist */ = {isa = PBXFileReference; lastKnownFileType = text.plist.xml; path = Info.plist; sourceTree = "<group>"; };
		62E8430B1E5FE5FD007E40F5 /* PITask.swift */ = {isa = PBXFileReference; fileEncoding = 4; lastKnownFileType = sourcecode.swift; path = PITask.swift; sourceTree = "<group>"; };
		62E8430F1E612BA8007E40F5 /* GoogleService-Info.plist */ = {isa = PBXFileReference; fileEncoding = 4; lastKnownFileType = text.plist.xml; path = "GoogleService-Info.plist"; sourceTree = "<group>"; };
		62E843111E61D173007E40F5 /* SignUpInVC.swift */ = {isa = PBXFileReference; fileEncoding = 4; lastKnownFileType = sourcecode.swift; path = SignUpInVC.swift; sourceTree = "<group>"; };
		62E843131E61D2F4007E40F5 /* User.swift */ = {isa = PBXFileReference; fileEncoding = 4; lastKnownFileType = sourcecode.swift; path = User.swift; sourceTree = "<group>"; };
		62E843151E6282EF007E40F5 /* PICell.swift */ = {isa = PBXFileReference; fileEncoding = 4; lastKnownFileType = sourcecode.swift; path = PICell.swift; sourceTree = "<group>"; };
		62E843191E62C672007E40F5 /* EditTaskVC.swift */ = {isa = PBXFileReference; fileEncoding = 4; lastKnownFileType = sourcecode.swift; path = EditTaskVC.swift; sourceTree = "<group>"; };
		62E8431B1E643F33007E40F5 /* MaterialView.swift */ = {isa = PBXFileReference; fileEncoding = 4; lastKnownFileType = sourcecode.swift; path = MaterialView.swift; sourceTree = "<group>"; };
		62E8431D1E644524007E40F5 /* ProcrastinateVC.swift */ = {isa = PBXFileReference; fileEncoding = 4; lastKnownFileType = sourcecode.swift; path = ProcrastinateVC.swift; sourceTree = "<group>"; };
		62F5D6681EBE02D1002BF010 /* AuthService.swift */ = {isa = PBXFileReference; fileEncoding = 4; lastKnownFileType = sourcecode.swift; path = AuthService.swift; sourceTree = "<group>"; };
		62F5D6701EBE1896002BF010 /* GlobalVariables.swift */ = {isa = PBXFileReference; fileEncoding = 4; lastKnownFileType = sourcecode.swift; path = GlobalVariables.swift; sourceTree = "<group>"; };
		62F5D6721EBE2501002BF010 /* AlertService.swift */ = {isa = PBXFileReference; fileEncoding = 4; lastKnownFileType = sourcecode.swift; path = AlertService.swift; sourceTree = "<group>"; };
		62F5D6741EBE53FE002BF010 /* DataService.swift */ = {isa = PBXFileReference; fileEncoding = 4; lastKnownFileType = sourcecode.swift; path = DataService.swift; sourceTree = "<group>"; };
		62F5D68C1EC1D59E002BF010 /* SettingsVC.swift */ = {isa = PBXFileReference; fileEncoding = 4; lastKnownFileType = sourcecode.swift; path = SettingsVC.swift; sourceTree = "<group>"; };
		62F5D68E1EC1D5B6002BF010 /* SettingsTableVC.swift */ = {isa = PBXFileReference; fileEncoding = 4; lastKnownFileType = sourcecode.swift; path = SettingsTableVC.swift; sourceTree = "<group>"; };
		E58B22E9904A474FC9A47C31 /* Pods-Procrastinate It.debug.xcconfig */ = {isa = PBXFileReference; includeInIndex = 1; lastKnownFileType = text.xcconfig; name = "Pods-Procrastinate It.debug.xcconfig"; path = "Pods/Target Support Files/Pods-Procrastinate It/Pods-Procrastinate It.debug.xcconfig"; sourceTree = "<group>"; };
		E72358AC0E1D03885E25BD4C /* Pods-Procrastinate It.release.xcconfig */ = {isa = PBXFileReference; includeInIndex = 1; lastKnownFileType = text.xcconfig; name = "Pods-Procrastinate It.release.xcconfig"; path = "Pods/Target Support Files/Pods-Procrastinate It/Pods-Procrastinate It.release.xcconfig"; sourceTree = "<group>"; };
/* End PBXFileReference section */

/* Begin PBXFrameworksBuildPhase section */
		62E842F01E5FE4F5007E40F5 /* Frameworks */ = {
			isa = PBXFrameworksBuildPhase;
			buildActionMask = 2147483647;
			files = (
				1B9E875355CCCC0A46B40CBE /* Pods_Procrastinate_It.framework in Frameworks */,
			);
			runOnlyForDeploymentPostprocessing = 0;
		};
/* End PBXFrameworksBuildPhase section */

/* Begin PBXGroup section */
		62E842EA1E5FE4F4007E40F5 = {
			isa = PBXGroup;
			children = (
				62E842F51E5FE4F6007E40F5 /* Procrastinate It */,
				62E842F41E5FE4F5007E40F5 /* Products */,
				7376B901D39C908FDEDB5395 /* Pods */,
				D5A1EDAAA4DC205D9AB69F57 /* Frameworks */,
			);
			sourceTree = "<group>";
		};
		62E842F41E5FE4F5007E40F5 /* Products */ = {
			isa = PBXGroup;
			children = (
				62E842F31E5FE4F5007E40F5 /* Procrastinate It.app */,
			);
			name = Products;
			sourceTree = "<group>";
		};
		62E842F51E5FE4F6007E40F5 /* Procrastinate It */ = {
			isa = PBXGroup;
			children = (
				62D50D541E74C903002B88BA /* Procrastinate It.entitlements */,
				62E8430A1E5FE5D4007E40F5 /* Model */,
				62E843091E5FE5C6007E40F5 /* View */,
				62E843081E5FE5B5007E40F5 /* Controller */,
				62F5D6671EBE02B8002BF010 /* Resources */,
				62F5D6661EBE0258002BF010 /* Services */,
			);
			path = "Procrastinate It";
			sourceTree = "<group>";
		};
		62E843081E5FE5B5007E40F5 /* Controller */ = {
			isa = PBXGroup;
			children = (
				62E842F61E5FE4F7007E40F5 /* AppDelegate.swift */,
				62E843111E61D173007E40F5 /* SignUpInVC.swift */,
				62D50D551E76171E002B88BA /* NewEmailUserVC.swift */,
				62E8431D1E644524007E40F5 /* ProcrastinateVC.swift */,
				62E843191E62C672007E40F5 /* EditTaskVC.swift */,
				62F5D68C1EC1D59E002BF010 /* SettingsVC.swift */,
				62F5D68E1EC1D5B6002BF010 /* SettingsTableVC.swift */,
			);
			name = Controller;
			sourceTree = "<group>";
		};
		62E843091E5FE5C6007E40F5 /* View */ = {
			isa = PBXGroup;
			children = (
				62E842FF1E5FE4FC007E40F5 /* LaunchScreen.storyboard */,
				62E842FA1E5FE4F9007E40F5 /* Main.storyboard */,
				62E843151E6282EF007E40F5 /* PICell.swift */,
				62E8431B1E643F33007E40F5 /* MaterialView.swift */,
			);
			name = View;
			sourceTree = "<group>";
		};
		62E8430A1E5FE5D4007E40F5 /* Model */ = {
			isa = PBXGroup;
			children = (
				62E8430B1E5FE5FD007E40F5 /* PITask.swift */,
				62E843131E61D2F4007E40F5 /* User.swift */,
			);
			name = Model;
			sourceTree = "<group>";
		};
		62F5D6661EBE0258002BF010 /* Services */ = {
			isa = PBXGroup;
			children = (
				62F5D6681EBE02D1002BF010 /* AuthService.swift */,
				62F5D6721EBE2501002BF010 /* AlertService.swift */,
				62F5D6741EBE53FE002BF010 /* DataService.swift */,
			);
			name = Services;
			sourceTree = "<group>";
		};
		62F5D6671EBE02B8002BF010 /* Resources */ = {
			isa = PBXGroup;
			children = (
				62E842FD1E5FE4FB007E40F5 /* Assets.xcassets */,
				62E843021E5FE4FD007E40F5 /* Info.plist */,
				62E8430F1E612BA8007E40F5 /* GoogleService-Info.plist */,
				62F5D6701EBE1896002BF010 /* GlobalVariables.swift */,
			);
			name = Resources;
			sourceTree = "<group>";
		};
		7376B901D39C908FDEDB5395 /* Pods */ = {
			isa = PBXGroup;
			children = (
				E58B22E9904A474FC9A47C31 /* Pods-Procrastinate It.debug.xcconfig */,
				E72358AC0E1D03885E25BD4C /* Pods-Procrastinate It.release.xcconfig */,
			);
			name = Pods;
			sourceTree = "<group>";
		};
		D5A1EDAAA4DC205D9AB69F57 /* Frameworks */ = {
			isa = PBXGroup;
			children = (
				06FCC2899E4A4774BFE9D571 /* Pods_Procrastinate_It.framework */,
			);
			name = Frameworks;
			sourceTree = "<group>";
		};
/* End PBXGroup section */

/* Begin PBXNativeTarget section */
		62E842F21E5FE4F5007E40F5 /* Procrastinate It */ = {
			isa = PBXNativeTarget;
			buildConfigurationList = 62E843051E5FE4FD007E40F5 /* Build configuration list for PBXNativeTarget "Procrastinate It" */;
			buildPhases = (
				C882573DF8E5CEA2361EC694 /* [CP] Check Pods Manifest.lock */,
				62E842EF1E5FE4F5007E40F5 /* Sources */,
				62E842F01E5FE4F5007E40F5 /* Frameworks */,
				62E842F11E5FE4F5007E40F5 /* Resources */,
				6985335486F5D480489A8D3F /* [CP] Embed Pods Frameworks */,
				76C7468AC8C752536D865D04 /* [CP] Copy Pods Resources */,
			);
			buildRules = (
			);
			dependencies = (
			);
			name = "Procrastinate It";
			productName = "Procrastinate It";
			productReference = 62E842F31E5FE4F5007E40F5 /* Procrastinate It.app */;
			productType = "com.apple.product-type.application";
		};
/* End PBXNativeTarget section */

/* Begin PBXProject section */
		62E842EB1E5FE4F5007E40F5 /* Project object */ = {
			isa = PBXProject;
			attributes = {
				LastSwiftUpdateCheck = 0820;
				LastUpgradeCheck = 0820;
				ORGANIZATIONNAME = "Affinity for Apps";
				TargetAttributes = {
					62E842F21E5FE4F5007E40F5 = {
						CreatedOnToolsVersion = 8.2.1;
						DevelopmentTeam = EWSMAH6SD7;
						ProvisioningStyle = Automatic;
						SystemCapabilities = {
							com.apple.Keychain = {
								enabled = 1;
							};
						};
					};
				};
			};
			buildConfigurationList = 62E842EE1E5FE4F5007E40F5 /* Build configuration list for PBXProject "Procrastinate It" */;
			compatibilityVersion = "Xcode 3.2";
			developmentRegion = English;
			hasScannedForEncodings = 0;
			knownRegions = (
				en,
				Base,
			);
			mainGroup = 62E842EA1E5FE4F4007E40F5;
			productRefGroup = 62E842F41E5FE4F5007E40F5 /* Products */;
			projectDirPath = "";
			projectRoot = "";
			targets = (
				62E842F21E5FE4F5007E40F5 /* Procrastinate It */,
			);
		};
/* End PBXProject section */

/* Begin PBXResourcesBuildPhase section */
		62E842F11E5FE4F5007E40F5 /* Resources */ = {
			isa = PBXResourcesBuildPhase;
			buildActionMask = 2147483647;
			files = (
				62E843011E5FE4FC007E40F5 /* LaunchScreen.storyboard in Resources */,
				62E842FE1E5FE4FB007E40F5 /* Assets.xcassets in Resources */,
				62E843101E612BA8007E40F5 /* GoogleService-Info.plist in Resources */,
				62E842FC1E5FE4F9007E40F5 /* Main.storyboard in Resources */,
			);
			runOnlyForDeploymentPostprocessing = 0;
		};
/* End PBXResourcesBuildPhase section */

/* Begin PBXShellScriptBuildPhase section */
		6985335486F5D480489A8D3F /* [CP] Embed Pods Frameworks */ = {
			isa = PBXShellScriptBuildPhase;
			buildActionMask = 2147483647;
			files = (
			);
			inputPaths = (
			);
			name = "[CP] Embed Pods Frameworks";
			outputPaths = (
			);
			runOnlyForDeploymentPostprocessing = 0;
			shellPath = /bin/sh;
			shellScript = "\"${SRCROOT}/Pods/Target Support Files/Pods-Procrastinate It/Pods-Procrastinate It-frameworks.sh\"\n";
			showEnvVarsInLog = 0;
		};
		76C7468AC8C752536D865D04 /* [CP] Copy Pods Resources */ = {
			isa = PBXShellScriptBuildPhase;
			buildActionMask = 2147483647;
			files = (
			);
			inputPaths = (
			);
			name = "[CP] Copy Pods Resources";
			outputPaths = (
			);
			runOnlyForDeploymentPostprocessing = 0;
			shellPath = /bin/sh;
			shellScript = "\"${SRCROOT}/Pods/Target Support Files/Pods-Procrastinate It/Pods-Procrastinate It-resources.sh\"\n";
			showEnvVarsInLog = 0;
		};
		C882573DF8E5CEA2361EC694 /* [CP] Check Pods Manifest.lock */ = {
			isa = PBXShellScriptBuildPhase;
			buildActionMask = 2147483647;
			files = (
			);
			inputPaths = (
			);
			name = "[CP] Check Pods Manifest.lock";
			outputPaths = (
			);
			runOnlyForDeploymentPostprocessing = 0;
			shellPath = /bin/sh;
			shellScript = "diff \"${PODS_ROOT}/../Podfile.lock\" \"${PODS_ROOT}/Manifest.lock\" > /dev/null\nif [ $? != 0 ] ; then\n    # print error to STDERR\n    echo \"error: The sandbox is not in sync with the Podfile.lock. Run 'pod install' or update your CocoaPods installation.\" >&2\n    exit 1\nfi\n";
			showEnvVarsInLog = 0;
		};
/* End PBXShellScriptBuildPhase section */

/* Begin PBXSourcesBuildPhase section */
		62E842EF1E5FE4F5007E40F5 /* Sources */ = {
			isa = PBXSourcesBuildPhase;
			buildActionMask = 2147483647;
			files = (
				62E8430C1E5FE5FD007E40F5 /* PITask.swift in Sources */,
				62E843141E61D2F4007E40F5 /* User.swift in Sources */,
				62F5D68F1EC1D5B6002BF010 /* SettingsTableVC.swift in Sources */,
				62E8431E1E644524007E40F5 /* ProcrastinateVC.swift in Sources */,
				62F5D6731EBE2501002BF010 /* AlertService.swift in Sources */,
				62E842F71E5FE4F7007E40F5 /* AppDelegate.swift in Sources */,
				62E8431C1E643F33007E40F5 /* MaterialView.swift in Sources */,
				62F5D6691EBE02D1002BF010 /* AuthService.swift in Sources */,
				62E8431A1E62C672007E40F5 /* EditTaskVC.swift in Sources */,
				62F5D6751EBE53FE002BF010 /* DataService.swift in Sources */,
				62D50D561E76171F002B88BA /* NewEmailUserVC.swift in Sources */,
				62E843121E61D173007E40F5 /* SignUpInVC.swift in Sources */,
				62F5D6711EBE1896002BF010 /* GlobalVariables.swift in Sources */,
				62E843161E6282EF007E40F5 /* PICell.swift in Sources */,
				62F5D68D1EC1D59E002BF010 /* SettingsVC.swift in Sources */,
			);
			runOnlyForDeploymentPostprocessing = 0;
		};
/* End PBXSourcesBuildPhase section */

/* Begin PBXVariantGroup section */
		62E842FA1E5FE4F9007E40F5 /* Main.storyboard */ = {
			isa = PBXVariantGroup;
			children = (
				62E842FB1E5FE4F9007E40F5 /* Base */,
			);
			name = Main.storyboard;
			sourceTree = "<group>";
		};
		62E842FF1E5FE4FC007E40F5 /* LaunchScreen.storyboard */ = {
			isa = PBXVariantGroup;
			children = (
				62E843001E5FE4FC007E40F5 /* Base */,
			);
			name = LaunchScreen.storyboard;
			sourceTree = "<group>";
		};
/* End PBXVariantGroup section */

/* Begin XCBuildConfiguration section */
		62E843031E5FE4FD007E40F5 /* Debug */ = {
			isa = XCBuildConfiguration;
			buildSettings = {
				ALWAYS_SEARCH_USER_PATHS = NO;
				CLANG_ANALYZER_NONNULL = YES;
				CLANG_CXX_LANGUAGE_STANDARD = "gnu++0x";
				CLANG_CXX_LIBRARY = "libc++";
				CLANG_ENABLE_MODULES = YES;
				CLANG_ENABLE_OBJC_ARC = YES;
				CLANG_WARN_BOOL_CONVERSION = YES;
				CLANG_WARN_CONSTANT_CONVERSION = YES;
				CLANG_WARN_DIRECT_OBJC_ISA_USAGE = YES_ERROR;
				CLANG_WARN_DOCUMENTATION_COMMENTS = YES;
				CLANG_WARN_EMPTY_BODY = YES;
				CLANG_WARN_ENUM_CONVERSION = YES;
				CLANG_WARN_INFINITE_RECURSION = YES;
				CLANG_WARN_INT_CONVERSION = YES;
				CLANG_WARN_OBJC_ROOT_CLASS = YES_ERROR;
				CLANG_WARN_SUSPICIOUS_MOVE = YES;
				CLANG_WARN_UNREACHABLE_CODE = YES;
				CLANG_WARN__DUPLICATE_METHOD_MATCH = YES;
				"CODE_SIGN_IDENTITY[sdk=iphoneos*]" = "iPhone Developer";
				COPY_PHASE_STRIP = NO;
				DEBUG_INFORMATION_FORMAT = dwarf;
				ENABLE_STRICT_OBJC_MSGSEND = YES;
				ENABLE_TESTABILITY = YES;
				GCC_C_LANGUAGE_STANDARD = gnu99;
				GCC_DYNAMIC_NO_PIC = NO;
				GCC_NO_COMMON_BLOCKS = YES;
				GCC_OPTIMIZATION_LEVEL = 0;
				GCC_PREPROCESSOR_DEFINITIONS = (
					"DEBUG=1",
					"$(inherited)",
				);
				GCC_WARN_64_TO_32_BIT_CONVERSION = YES;
				GCC_WARN_ABOUT_RETURN_TYPE = YES_ERROR;
				GCC_WARN_UNDECLARED_SELECTOR = YES;
				GCC_WARN_UNINITIALIZED_AUTOS = YES_AGGRESSIVE;
				GCC_WARN_UNUSED_FUNCTION = YES;
				GCC_WARN_UNUSED_VARIABLE = YES;
				IPHONEOS_DEPLOYMENT_TARGET = 10.2;
				MTL_ENABLE_DEBUG_INFO = YES;
				ONLY_ACTIVE_ARCH = YES;
				SDKROOT = iphoneos;
				SWIFT_ACTIVE_COMPILATION_CONDITIONS = DEBUG;
				SWIFT_OPTIMIZATION_LEVEL = "-Onone";
				TARGETED_DEVICE_FAMILY = "1,2";
			};
			name = Debug;
		};
		62E843041E5FE4FD007E40F5 /* Release */ = {
			isa = XCBuildConfiguration;
			buildSettings = {
				ALWAYS_SEARCH_USER_PATHS = NO;
				CLANG_ANALYZER_NONNULL = YES;
				CLANG_CXX_LANGUAGE_STANDARD = "gnu++0x";
				CLANG_CXX_LIBRARY = "libc++";
				CLANG_ENABLE_MODULES = YES;
				CLANG_ENABLE_OBJC_ARC = YES;
				CLANG_WARN_BOOL_CONVERSION = YES;
				CLANG_WARN_CONSTANT_CONVERSION = YES;
				CLANG_WARN_DIRECT_OBJC_ISA_USAGE = YES_ERROR;
				CLANG_WARN_DOCUMENTATION_COMMENTS = YES;
				CLANG_WARN_EMPTY_BODY = YES;
				CLANG_WARN_ENUM_CONVERSION = YES;
				CLANG_WARN_INFINITE_RECURSION = YES;
				CLANG_WARN_INT_CONVERSION = YES;
				CLANG_WARN_OBJC_ROOT_CLASS = YES_ERROR;
				CLANG_WARN_SUSPICIOUS_MOVE = YES;
				CLANG_WARN_UNREACHABLE_CODE = YES;
				CLANG_WARN__DUPLICATE_METHOD_MATCH = YES;
				"CODE_SIGN_IDENTITY[sdk=iphoneos*]" = "iPhone Developer";
				COPY_PHASE_STRIP = NO;
				DEBUG_INFORMATION_FORMAT = "dwarf-with-dsym";
				ENABLE_NS_ASSERTIONS = NO;
				ENABLE_STRICT_OBJC_MSGSEND = YES;
				GCC_C_LANGUAGE_STANDARD = gnu99;
				GCC_NO_COMMON_BLOCKS = YES;
				GCC_WARN_64_TO_32_BIT_CONVERSION = YES;
				GCC_WARN_ABOUT_RETURN_TYPE = YES_ERROR;
				GCC_WARN_UNDECLARED_SELECTOR = YES;
				GCC_WARN_UNINITIALIZED_AUTOS = YES_AGGRESSIVE;
				GCC_WARN_UNUSED_FUNCTION = YES;
				GCC_WARN_UNUSED_VARIABLE = YES;
				IPHONEOS_DEPLOYMENT_TARGET = 10.2;
				MTL_ENABLE_DEBUG_INFO = NO;
				SDKROOT = iphoneos;
				SWIFT_OPTIMIZATION_LEVEL = "-Owholemodule";
				TARGETED_DEVICE_FAMILY = "1,2";
				VALIDATE_PRODUCT = YES;
			};
			name = Release;
		};
		62E843061E5FE4FD007E40F5 /* Debug */ = {
			isa = XCBuildConfiguration;
			baseConfigurationReference = E58B22E9904A474FC9A47C31 /* Pods-Procrastinate It.debug.xcconfig */;
			buildSettings = {
				ASSETCATALOG_COMPILER_APPICON_NAME = AppIcon;
				CODE_SIGN_ENTITLEMENTS = "Procrastinate It/Procrastinate It.entitlements";
				DEVELOPMENT_TEAM = EWSMAH6SD7;
				FRAMEWORK_SEARCH_PATHS = (
					"$(inherited)",
					"$(PROJECT_DIR)",
				);
				INFOPLIST_FILE = "Procrastinate It/Info.plist";
				IPHONEOS_DEPLOYMENT_TARGET = 10.3;
				LD_RUNPATH_SEARCH_PATHS = "$(inherited) @executable_path/Frameworks";
				PRODUCT_BUNDLE_IDENTIFIER = "com.AffinityforApps.Procrastinate-It";
				PRODUCT_NAME = "$(TARGET_NAME)";
				SWIFT_VERSION = 3.0;
			};
			name = Debug;
		};
		62E843071E5FE4FD007E40F5 /* Release */ = {
			isa = XCBuildConfiguration;
			baseConfigurationReference = E72358AC0E1D03885E25BD4C /* Pods-Procrastinate It.release.xcconfig */;
			buildSettings = {
				ASSETCATALOG_COMPILER_APPICON_NAME = AppIcon;
				CODE_SIGN_ENTITLEMENTS = "Procrastinate It/Procrastinate It.entitlements";
				DEVELOPMENT_TEAM = EWSMAH6SD7;
				FRAMEWORK_SEARCH_PATHS = (
					"$(inherited)",
					"$(PROJECT_DIR)",
				);
				INFOPLIST_FILE = "Procrastinate It/Info.plist";
				IPHONEOS_DEPLOYMENT_TARGET = 10.3;
				LD_RUNPATH_SEARCH_PATHS = "$(inherited) @executable_path/Frameworks";
				PRODUCT_BUNDLE_IDENTIFIER = "com.AffinityforApps.Procrastinate-It";
				PRODUCT_NAME = "$(TARGET_NAME)";
				SWIFT_VERSION = 3.0;
			};
			name = Release;
		};
/* End XCBuildConfiguration section */

/* Begin XCConfigurationList section */
		62E842EE1E5FE4F5007E40F5 /* Build configuration list for PBXProject "Procrastinate It" */ = {
			isa = XCConfigurationList;
			buildConfigurations = (
				62E843031E5FE4FD007E40F5 /* Debug */,
				62E843041E5FE4FD007E40F5 /* Release */,
			);
			defaultConfigurationIsVisible = 0;
			defaultConfigurationName = Release;
		};
		62E843051E5FE4FD007E40F5 /* Build configuration list for PBXNativeTarget "Procrastinate It" */ = {
			isa = XCConfigurationList;
			buildConfigurations = (
				62E843061E5FE4FD007E40F5 /* Debug */,
				62E843071E5FE4FD007E40F5 /* Release */,
			);
			defaultConfigurationIsVisible = 0;
			defaultConfigurationName = Release;
		};
/* End XCConfigurationList section */
	};
	rootObject = 62E842EB1E5FE4F5007E40F5 /* Project object */;
}
